
Microsoft Visual Studio Solution File, Format Version 12.00
Project("{FAE04EC0-301F-11D3-BF4B-00C04F79EFBC}") = "3dEYE", "3dEYE\3dEYE.csproj", "{1F714F5C-1E3A-4DD2-B9C7-6B442E6A82C3}"
EndProject
Project("{FAE04EC0-301F-11D3-BF4B-00C04F79EFBC}") = "3dEYE.Tests", "3dEYE.Tests\3dEYE.Tests.csproj", "{45E47EA5-BD76-47FA-992C-E22E2D07B5E0}"
EndProject
Global
	GlobalSection(SolutionConfigurationPlatforms) = preSolution
		Debug|Any CPU = Debug|Any CPU
		Release|Any CPU = Release|Any CPU
	EndGlobalSection
	GlobalSection(ProjectConfigurationPlatforms) = postSolution
		{1F714F5C-1E3A-4DD2-B9C7-6B442E6A82C3}.Debug|Any CPU.ActiveCfg = Debug|Any CPU
		{1F714F5C-1E3A-4DD2-B9C7-6B442E6A82C3}.Debug|Any CPU.Build.0 = Debug|Any CPU
		{1F714F5C-1E3A-4DD2-B9C7-6B442E6A82C3}.Release|Any CPU.ActiveCfg = Release|Any CPU
		{1F714F5C-1E3A-4DD2-B9C7-6B442E6A82C3}.Release|Any CPU.Build.0 = Release|Any CPU
		{45E47EA5-BD76-47FA-992C-E22E2D07B5E0}.Debug|Any CPU.ActiveCfg = Debug|Any CPU
		{45E47EA5-BD76-47FA-992C-E22E2D07B5E0}.Debug|Any CPU.Build.0 = Debug|Any CPU
		{45E47EA5-BD76-47FA-992C-E22E2D07B5E0}.Release|Any CPU.ActiveCfg = Release|Any CPU
		{45E47EA5-BD76-47FA-992C-E22E2D07B5E0}.Release|Any CPU.Build.0 = Release|Any CPU
	EndGlobalSection
EndGlobal
